
Microsoft Visual Studio Solution File, Format Version 11.00
# Visual C# Express 2010
Project("{FAE04EC0-301F-11D3-BF4B-00C04F79EFBC}") = "winVenda", "winVenda\winVenda.csproj", "{CFC97208-190F-450C-B350-A3713B708CA3}"
EndProject
Project("{FAE04EC0-301F-11D3-BF4B-00C04F79EFBC}") = "Reports", "Reports\Reports.csproj", "{772683B3-735B-42BF-9984-5FB62F177795}"
EndProject
Global
	GlobalSection(SolutionConfigurationPlatforms) = preSolution
		Debug|x86 = Debug|x86
		Release|x86 = Release|x86
	EndGlobalSection
	GlobalSection(ProjectConfigurationPlatforms) = postSolution
		{CFC97208-190F-450C-B350-A3713B708CA3}.Debug|x86.ActiveCfg = Debug|x86
		{CFC97208-190F-450C-B350-A3713B708CA3}.Debug|x86.Build.0 = Debug|x86
		{CFC97208-190F-450C-B350-A3713B708CA3}.Release|x86.ActiveCfg = Release|x86
		{CFC97208-190F-450C-B350-A3713B708CA3}.Release|x86.Build.0 = Release|x86
		{772683B3-735B-42BF-9984-5FB62F177795}.Debug|x86.ActiveCfg = Debug|x86
		{772683B3-735B-42BF-9984-5FB62F177795}.Debug|x86.Build.0 = Debug|x86
		{772683B3-735B-42BF-9984-5FB62F177795}.Release|x86.ActiveCfg = Release|x86
		{772683B3-735B-42BF-9984-5FB62F177795}.Release|x86.Build.0 = Release|x86
	EndGlobalSection
	GlobalSection(SolutionProperties) = preSolution
		HideSolutionNode = FALSE
	EndGlobalSection
EndGlobal
